#MicroXplorer Configuration settings - do not modify
CAD.formats=
CAD.pinconfig=
CAD.provider=
Dma.Request0=USART1_TX
Dma.Request1=USART1_RX
Dma.RequestsNb=2
Dma.USART1_RX.1.Direction=DMA_PERIPH_TO_MEMORY
Dma.USART1_RX.1.EventEnable=DISABLE
Dma.USART1_RX.1.FIFOMode=DMA_FIFOMODE_DISABLE
Dma.USART1_RX.1.Instance=DMA1_Stream1
Dma.USART1_RX.1.MemDataAlignment=DMA_MDATAALIGN_BYTE
Dma.USART1_RX.1.MemInc=DMA_MINC_ENABLE
Dma.USART1_RX.1.Mode=DMA_CIRCULAR
Dma.USART1_RX.1.PeriphDataAlignment=DMA_PDATAALIGN_BYTE
Dma.USART1_RX.1.PeriphInc=DMA_PINC_DISABLE
Dma.USART1_RX.1.Polarity=HAL_DMAMUX_REQ_GEN_RISING
Dma.USART1_RX.1.Priority=DMA_PRIORITY_VERY_HIGH
Dma.USART1_RX.1.RequestNumber=1
Dma.USART1_RX.1.RequestParameters=Instance,Direction,PeriphInc,MemInc,PeriphDataAlignment,MemDataAlignment,Mode,Priority,FIFOMode,SignalID,Polarity,RequestNumber,SyncSignalID,SyncPolarity,SyncEnable,EventEnable,SyncRequestNumber
Dma.USART1_RX.1.SignalID=NONE
Dma.USART1_RX.1.SyncEnable=DISABLE
Dma.USART1_RX.1.SyncPolarity=HAL_DMAMUX_SYNC_NO_EVENT
Dma.USART1_RX.1.SyncRequestNumber=1
Dma.USART1_RX.1.SyncSignalID=NONE
Dma.USART1_TX.0.Direction=DMA_MEMORY_TO_PERIPH
Dma.USART1_TX.0.EventEnable=DISABLE
Dma.USART1_TX.0.FIFOMode=DMA_FIFOMODE_DISABLE
Dma.USART1_TX.0.Instance=DMA1_Stream0
Dma.USART1_TX.0.MemDataAlignment=DMA_MDATAALIGN_BYTE
Dma.USART1_TX.0.MemInc=DMA_MINC_ENABLE
Dma.USART1_TX.0.Mode=DMA_NORMAL
Dma.USART1_TX.0.PeriphDataAlignment=DMA_PDATAALIGN_BYTE
Dma.USART1_TX.0.PeriphInc=DMA_PINC_DISABLE
Dma.USART1_TX.0.Polarity=HAL_DMAMUX_REQ_GEN_RISING
Dma.USART1_TX.0.Priority=DMA_PRIORITY_VERY_HIGH
Dma.USART1_TX.0.RequestNumber=1
Dma.USART1_TX.0.RequestParameters=Instance,Direction,PeriphInc,MemInc,PeriphDataAlignment,MemDataAlignment,Mode,Priority,FIFOMode,SignalID,Polarity,RequestNumber,SyncSignalID,SyncPolarity,SyncEnable,EventEnable,SyncRequestNumber
Dma.USART1_TX.0.SignalID=NONE
Dma.USART1_TX.0.SyncEnable=DISABLE
Dma.USART1_TX.0.SyncPolarity=HAL_DMAMUX_SYNC_NO_EVENT
Dma.USART1_TX.0.SyncRequestNumber=1
Dma.USART1_TX.0.SyncSignalID=NONE
File.Version=6
GPIO.groupedBy=Group By Peripherals
KeepUserPlacement=false
Mcu.CPN=STM32H723ZGT6
Mcu.Family=STM32H7
Mcu.IP0=CORTEX_M7
Mcu.IP1=DMA
Mcu.IP10=TIM8
Mcu.IP11=TIM15
Mcu.IP12=TIM23
Mcu.IP13=TIM24
Mcu.IP14=USART1
Mcu.IP2=NVIC
Mcu.IP3=RCC
Mcu.IP4=SYS
Mcu.IP5=TIM1
Mcu.IP6=TIM3
Mcu.IP7=TIM4
Mcu.IP8=TIM5
Mcu.IP9=TIM6
Mcu.IPNb=15
Mcu.Name=STM32H723ZGTx
Mcu.Package=LQFP144
Mcu.Pin0=PE5
Mcu.Pin1=PE6
Mcu.Pin10=PA7
Mcu.Pin11=PF11
Mcu.Pin12=PF12
Mcu.Pin13=PE9
Mcu.Pin14=PE11
Mcu.Pin15=PD12
Mcu.Pin16=PD13
Mcu.Pin17=PG5
Mcu.Pin18=PG6
Mcu.Pin19=PG7
Mcu.Pin2=PF0
Mcu.Pin20=PG8
Mcu.Pin21=PC6
Mcu.Pin22=PC7
Mcu.Pin23=PA9
Mcu.Pin24=PA10
Mcu.Pin25=PA15(JTDI)
Mcu.Pin26=PD0
Mcu.Pin27=PD1
Mcu.Pin28=PD2
Mcu.Pin29=PD3
Mcu.Pin3=PF1
Mcu.Pin30=PD4
Mcu.Pin31=PB3(JTDO/TRACESWO)
Mcu.Pin32=VP_SYS_VS_Systick
Mcu.Pin33=VP_TIM6_VS_ClockSourceINT
Mcu.Pin4=PF2
Mcu.Pin5=PH0-OSC_IN
Mcu.Pin6=PH1-OSC_OUT
Mcu.Pin7=PA0
Mcu.Pin8=PA1
Mcu.Pin9=PA6
Mcu.PinsNb=34
Mcu.ThirdPartyNb=0
Mcu.UserConstants=
Mcu.UserName=STM32H723ZGTx
MxCube.Version=6.10.0
MxDb.Version=DB.6.0.100
NVIC.BusFault_IRQn=true\:0\:0\:false\:false\:true\:false\:false\:false
NVIC.DMA1_Stream0_IRQn=true\:0\:0\:false\:false\:true\:false\:true\:true
NVIC.DMA1_Stream1_IRQn=true\:0\:0\:false\:false\:true\:false\:true\:true
NVIC.DebugMonitor_IRQn=true\:0\:0\:false\:false\:true\:false\:false\:false
NVIC.ForceEnableDMAVector=true
NVIC.HardFault_IRQn=true\:0\:0\:false\:false\:true\:false\:false\:false
NVIC.MemoryManagement_IRQn=true\:0\:0\:false\:false\:true\:false\:false\:false
NVIC.NonMaskableInt_IRQn=true\:0\:0\:false\:false\:true\:false\:false\:false
NVIC.PendSV_IRQn=true\:0\:0\:false\:false\:true\:false\:false\:false
NVIC.PriorityGroup=NVIC_PRIORITYGROUP_4
NVIC.RCC_IRQn=true\:0\:0\:false\:false\:true\:true\:false\:true
NVIC.SVCall_IRQn=true\:0\:0\:false\:false\:true\:false\:false\:false
NVIC.SysTick_IRQn=true\:15\:0\:false\:false\:true\:false\:true\:false
NVIC.TIM15_IRQn=true\:0\:0\:false\:false\:true\:true\:true\:true
NVIC.TIM5_IRQn=true\:0\:0\:false\:false\:true\:true\:true\:true
NVIC.TIM6_DAC_IRQn=true\:0\:0\:false\:false\:true\:true\:true\:true
NVIC.USART1_IRQn=true\:0\:0\:false\:false\:true\:true\:true\:true
NVIC.UsageFault_IRQn=true\:0\:0\:false\:false\:true\:false\:false\:false
PA0.Locked=true
PA0.Signal=S_TIM5_CH1
PA1.Locked=true
PA1.Signal=S_TIM5_CH2
PA10.Locked=true
PA10.Mode=Asynchronous
PA10.Signal=USART1_RX
PA15(JTDI).Locked=true
PA15(JTDI).Signal=S_TIM2_CH1_ETR
PA6.Locked=true
PA6.Signal=S_TIM3_CH1
PA7.Locked=true
PA7.Signal=S_TIM3_CH2
PA9.Locked=true
PA9.Mode=Asynchronous
PA9.Signal=USART1_TX
PB3(JTDO/TRACESWO).Locked=true
PB3(JTDO/TRACESWO).Signal=S_TIM2_CH2
PC6.Signal=S_TIM8_CH1
PC7.Signal=S_TIM8_CH2
PD0.Locked=true
PD0.Signal=GPIO_Output
PD1.Locked=true
PD1.Signal=GPIO_Output
PD12.Locked=true
PD12.Signal=S_TIM4_CH1
PD13.Locked=true
PD13.Signal=S_TIM4_CH2
PD2.Locked=true
PD2.Signal=GPIO_Output
PD3.Locked=true
PD3.Signal=GPIO_Output
PD4.Locked=true
PD4.Signal=GPIO_Output
PE11.Signal=S_TIM1_CH2
PE5.Locked=true
PE5.Signal=S_TIM15_CH1
PE6.Locked=true
PE6.Signal=S_TIM15_CH2
PE9.Signal=S_TIM1_CH1
PF0.Mode=PWM Generation1 CH1
PF0.Signal=TIM23_CH1
PF1.Signal=S_TIM23_CH2
PF11.Mode=Encoder_Interface
PF11.Signal=TIM24_CH1
PF12.Signal=S_TIM24_CH2
PF2.Signal=S_TIM23_CH3
PG5.GPIOParameters=GPIO_PuPd
PG5.GPIO_PuPd=GPIO_PULLUP
PG5.Locked=true
PG5.Signal=GPIO_Input
PG6.GPIOParameters=GPIO_PuPd
PG6.GPIO_PuPd=GPIO_PULLUP
PG6.Locked=true
PG6.Signal=GPIO_Input
PG7.GPIOParameters=GPIO_PuPd
PG7.GPIO_PuPd=GPIO_PULLUP
PG7.Locked=true
PG7.Signal=GPIO_Input
PG8.GPIOParameters=GPIO_PuPd
PG8.GPIO_PuPd=GPIO_PULLUP
PG8.Locked=true
PG8.Signal=GPIO_Input
PH0-OSC_IN.Mode=HSE-External-Oscillator
PH0-OSC_IN.Signal=RCC_OSC_IN
PH1-OSC_OUT.Mode=HSE-External-Oscillator
PH1-OSC_OUT.Signal=RCC_OSC_OUT
PinOutPanel.RotationAngle=0
ProjectManager.AskForMigrate=true
ProjectManager.BackupPrevious=false
ProjectManager.CompilerOptimize=6
ProjectManager.ComputerToolchain=false
ProjectManager.CoupleFile=false
ProjectManager.CustomerFirmwarePackage=
ProjectManager.DefaultFWLocation=true
ProjectManager.DeletePrevious=true
ProjectManager.DeviceId=STM32H723ZGTx
ProjectManager.FirmwarePackage=STM32Cube FW_H7 V1.11.2
ProjectManager.FreePins=false
ProjectManager.HalAssertFull=false
ProjectManager.HeapSize=0x200
ProjectManager.KeepUserCode=true
ProjectManager.LastFirmware=true
ProjectManager.LibraryCopy=1
ProjectManager.MainLocation=Core/Src
ProjectManager.NoMain=false
ProjectManager.PreviousToolchain=
ProjectManager.ProjectBuild=false
ProjectManager.ProjectFileName=Core-STM32H7.ioc
ProjectManager.ProjectName=Core-STM32H7
ProjectManager.ProjectStructure=
ProjectManager.RegisterCallBack=
ProjectManager.StackSize=0x400
ProjectManager.TargetToolchain=STM32CubeIDE
ProjectManager.ToolChainLocation=
ProjectManager.UAScriptAfterPath=
ProjectManager.UAScriptBeforePath=
ProjectManager.UnderRoot=true
ProjectManager.functionlistsort=1-SystemClock_Config-RCC-false-HAL-false,2-MX_GPIO_Init-GPIO-false-HAL-true,3-MX_DMA_Init-DMA-false-HAL-true,4-MX_USART1_UART_Init-USART1-false-HAL-true,5-MX_TIM3_Init-TIM3-false-HAL-true,6-MX_TIM4_Init-TIM4-false-HAL-true,7-MX_TIM5_Init-TIM5-false-HAL-true,8-MX_TIM6_Init-TIM6-false-HAL-true,9-MX_TIM15_Init-TIM15-false-HAL-true,10-MX_TIM1_Init-TIM1-false-HAL-true,11-MX_TIM8_Init-TIM8-false-HAL-true,12-MX_TIM23_Init-TIM23-false-HAL-true,13-MX_TIM24_Init-TIM24-false-HAL-true,0-MX_CORTEX_M7_Init-CORTEX_M7-false-HAL-true
RCC.ADCFreq_Value=129000000
RCC.AHB12Freq_Value=256000000
RCC.AHB4Freq_Value=256000000
RCC.APB1Freq_Value=128000000
RCC.APB2Freq_Value=128000000
RCC.APB3Freq_Value=128000000
RCC.APB4Freq_Value=128000000
RCC.AXIClockFreq_Value=256000000
RCC.CECFreq_Value=32000
RCC.CKPERFreq_Value=64000000
RCC.CortexFreq_Value=512000000
RCC.CpuClockFreq_Value=512000000
RCC.D1CPREFreq_Value=512000000
RCC.D1PPRE=RCC_APB3_DIV2
RCC.D2PPRE1=RCC_APB1_DIV2
RCC.D2PPRE2=RCC_APB2_DIV2
RCC.D3PPRE=RCC_APB4_DIV2
RCC.DFSDMACLkFreq_Value=256000000
RCC.DFSDMFreq_Value=128000000
RCC.DIVM1=4
RCC.DIVN1=32
RCC.DIVP1=1
RCC.DIVP1Freq_Value=512000000
RCC.DIVP2Freq_Value=129000000
RCC.DIVP3Freq_Value=129000000
RCC.DIVQ1Freq_Value=256000000
RCC.DIVQ2Freq_Value=129000000
RCC.DIVQ3Freq_Value=129000000
RCC.DIVR1Freq_Value=256000000
RCC.DIVR2Freq_Value=129000000
RCC.DIVR3Freq_Value=129000000
RCC.FDCANFreq_Value=256000000
RCC.FMCFreq_Value=256000000
RCC.FamilyName=M
RCC.HCLK3ClockFreq_Value=256000000
RCC.HCLKFreq_Value=256000000
RCC.HPRE=RCC_HCLK_DIV2
RCC.HSE_VALUE=8000000
RCC.I2C123Freq_Value=128000000
RCC.I2C4Freq_Value=128000000
RCC.IPParameters=ADCFreq_Value,AHB12Freq_Value,AHB4Freq_Value,APB1Freq_Value,APB2Freq_Value,APB3Freq_Value,APB4Freq_Value,AXIClockFreq_Value,CECFreq_Value,CKPERFreq_Value,CortexFreq_Value,CpuClockFreq_Value,D1CPREFreq_Value,D1PPRE,D2PPRE1,D2PPRE2,D3PPRE,DFSDMACLkFreq_Value,DFSDMFreq_Value,DIVM1,DIVN1,DIVP1,DIVP1Freq_Value,DIVP2Freq_Value,DIVP3Freq_Value,DIVQ1Freq_Value,DIVQ2Freq_Value,DIVQ3Freq_Value,DIVR1Freq_Value,DIVR2Freq_Value,DIVR3Freq_Value,FDCANFreq_Value,FMCFreq_Value,FamilyName,HCLK3ClockFreq_Value,HCLKFreq_Value,HPRE,HSE_VALUE,I2C123Freq_Value,I2C4Freq_Value,LPTIM1Freq_Value,LPTIM2Freq_Value,LPTIM345Freq_Value,LPUART1Freq_Value,LTDCFreq_Value,MCO1PinFreq_Value,MCO2PinFreq_Value,PLL2FRACN,PLL3FRACN,PLLFRACN,QSPIFreq_Value,RNGFreq_Value,RTCFreq_Value,SAI1Freq_Value,SAI4AFreq_Value,SAI4BFreq_Value,SDMMCFreq_Value,SPDIFRXFreq_Value,SPI123Freq_Value,SPI45Freq_Value,SPI6Freq_Value,SWPMI1Freq_Value,SYSCLKFreq_VALUE,SYSCLKSource,Tim1OutputFreq_Value,Tim2OutputFreq_Value,TraceFreq_Value,USART16Freq_Value,USART234578Freq_Value,USBFreq_Value,VCO1OutputFreq_Value,VCO2OutputFreq_Value,VCO3OutputFreq_Value,VCOInput1Freq_Value,VCOInput2Freq_Value,VCOInput3Freq_Value
RCC.LPTIM1Freq_Value=128000000
RCC.LPTIM2Freq_Value=128000000
RCC.LPTIM345Freq_Value=128000000
RCC.LPUART1Freq_Value=128000000
RCC.LTDCFreq_Value=129000000
RCC.MCO1PinFreq_Value=64000000
RCC.MCO2PinFreq_Value=512000000
RCC.PLL2FRACN=0
RCC.PLL3FRACN=0
RCC.PLLFRACN=0
RCC.QSPIFreq_Value=256000000
RCC.RNGFreq_Value=48000000
RCC.RTCFreq_Value=32000
RCC.SAI1Freq_Value=256000000
RCC.SAI4AFreq_Value=256000000
RCC.SAI4BFreq_Value=256000000
RCC.SDMMCFreq_Value=256000000
RCC.SPDIFRXFreq_Value=256000000
RCC.SPI123Freq_Value=256000000
RCC.SPI45Freq_Value=128000000
RCC.SPI6Freq_Value=128000000
RCC.SWPMI1Freq_Value=128000000
RCC.SYSCLKFreq_VALUE=512000000
RCC.SYSCLKSource=RCC_SYSCLKSOURCE_PLLCLK
RCC.Tim1OutputFreq_Value=256000000
RCC.Tim2OutputFreq_Value=256000000
RCC.TraceFreq_Value=64000000
RCC.USART16Freq_Value=128000000
RCC.USART234578Freq_Value=128000000
RCC.USBFreq_Value=256000000
RCC.VCO1OutputFreq_Value=512000000
RCC.VCO2OutputFreq_Value=258000000
RCC.VCO3OutputFreq_Value=258000000
RCC.VCOInput1Freq_Value=16000000
RCC.VCOInput2Freq_Value=2000000
RCC.VCOInput3Freq_Value=2000000
SH.S_TIM15_CH1.0=TIM15_CH1,PWM Generation1 CH1
SH.S_TIM15_CH1.ConfNb=1
SH.S_TIM15_CH2.0=TIM15_CH2,PWM Generation2 CH2
SH.S_TIM15_CH2.ConfNb=1
SH.S_TIM1_CH1.0=TIM1_CH1,Encoder_Interface
SH.S_TIM1_CH1.ConfNb=1
SH.S_TIM1_CH2.0=TIM1_CH2,Encoder_Interface
SH.S_TIM1_CH2.ConfNb=1
SH.S_TIM23_CH2.0=TIM23_CH2,PWM Generation2 CH2
SH.S_TIM23_CH2.ConfNb=1
SH.S_TIM23_CH3.0=TIM23_CH3,PWM Generation3 CH3
SH.S_TIM23_CH3.ConfNb=1
SH.S_TIM24_CH2.0=TIM24_CH2,Encoder_Interface
SH.S_TIM24_CH2.ConfNb=1
SH.S_TIM2_CH1_ETR.0=TIM2_CH1
SH.S_TIM2_CH1_ETR.ConfNb=1
SH.S_TIM2_CH2.0=TIM2_CH2
SH.S_TIM2_CH2.ConfNb=1
SH.S_TIM3_CH1.0=TIM3_CH1,Encoder_Interface
SH.S_TIM3_CH1.ConfNb=1
SH.S_TIM3_CH2.0=TIM3_CH2,Encoder_Interface
SH.S_TIM3_CH2.ConfNb=1
SH.S_TIM4_CH1.0=TIM4_CH1,Encoder_Interface
SH.S_TIM4_CH1.ConfNb=1
SH.S_TIM4_CH2.0=TIM4_CH2,Encoder_Interface
SH.S_TIM4_CH2.ConfNb=1
SH.S_TIM5_CH1.0=TIM5_CH1,Encoder_Interface
SH.S_TIM5_CH1.ConfNb=1
SH.S_TIM5_CH2.0=TIM5_CH2,Encoder_Interface
SH.S_TIM5_CH2.ConfNb=1
SH.S_TIM8_CH1.0=TIM8_CH1,Encoder_Interface
SH.S_TIM8_CH1.ConfNb=1
SH.S_TIM8_CH2.0=TIM8_CH2,Encoder_Interface
SH.S_TIM8_CH2.ConfNb=1
TIM15.Channel-PWM\ Generation1\ CH1=TIM_CHANNEL_1
TIM15.Channel-PWM\ Generation2\ CH2=TIM_CHANNEL_2
TIM15.IPParameters=Channel-PWM Generation1 CH1,Channel-PWM Generation2 CH2,Period,Prescaler
TIM15.Period=6399
TIM15.Prescaler=0
TIM23.Channel-PWM\ Generation1\ CH1=TIM_CHANNEL_1
TIM23.Channel-PWM\ Generation2\ CH2=TIM_CHANNEL_2
TIM23.Channel-PWM\ Generation3\ CH3=TIM_CHANNEL_3
TIM23.IPParameters=Channel-PWM Generation1 CH1,Channel-PWM Generation2 CH2,Channel-PWM Generation3 CH3,Period
TIM23.Period=6399
TIM3.EncoderMode=TIM_ENCODERMODE_TI12
TIM3.IPParameters=EncoderMode
TIM4.EncoderMode=TIM_ENCODERMODE_TI12
TIM4.IPParameters=EncoderMode
TIM5.EncoderMode=TIM_ENCODERMODE_TI12
TIM5.IPParameters=EncoderMode
TIM6.IPParameters=Prescaler,Period
TIM6.Period=999
TIM6.Prescaler=255
USART1.IPParameters=VirtualMode-Asynchronous
USART1.VirtualMode-Asynchronous=VM_ASYNC
VP_SYS_VS_Systick.Mode=SysTick
VP_SYS_VS_Systick.Signal=SYS_VS_Systick
VP_TIM6_VS_ClockSourceINT.Mode=Enable_Timer
VP_TIM6_VS_ClockSourceINT.Signal=TIM6_VS_ClockSourceINT
board=custom
isbadioc=false
